
Microsoft Visual Studio Solution File, Format Version 12.00
# Visual Studio Version 16
VisualStudioVersion = 16.0.31129.286
MinimumVisualStudioVersion = 10.0.40219.1
Project("{FAE04EC0-301F-11D3-BF4B-00C04F79EFBC}") = "Fashionality", "Fashionality\Fashionality.csproj", "{3B072943-BBE5-47C4-B18E-C10E49236B72}"
EndProject
Project("{FAE04EC0-301F-11D3-BF4B-00C04F79EFBC}") = "Fashionality.Tests", "Fashionality.Tests\Fashionality.Tests.csproj", "{B2FA3AC6-AC3F-4845-AD30-25315C071EF7}"
EndProject
Global
	GlobalSection(SolutionConfigurationPlatforms) = preSolution
		Debug|Any CPU = Debug|Any CPU
		Release|Any CPU = Release|Any CPU
	EndGlobalSection
	GlobalSection(ProjectConfigurationPlatforms) = postSolution
		{3B072943-BBE5-47C4-B18E-C10E49236B72}.Debug|Any CPU.ActiveCfg = Debug|Any CPU
		{3B072943-BBE5-47C4-B18E-C10E49236B72}.Debug|Any CPU.Build.0 = Debug|Any CPU
		{3B072943-BBE5-47C4-B18E-C10E49236B72}.Release|Any CPU.ActiveCfg = Release|Any CPU
		{3B072943-BBE5-47C4-B18E-C10E49236B72}.Release|Any CPU.Build.0 = Release|Any CPU
		{B2FA3AC6-AC3F-4845-AD30-25315C071EF7}.Debug|Any CPU.ActiveCfg = Debug|Any CPU
		{B2FA3AC6-AC3F-4845-AD30-25315C071EF7}.Debug|Any CPU.Build.0 = Debug|Any CPU
		{B2FA3AC6-AC3F-4845-AD30-25315C071EF7}.Release|Any CPU.ActiveCfg = Release|Any CPU
		{B2FA3AC6-AC3F-4845-AD30-25315C071EF7}.Release|Any CPU.Build.0 = Release|Any CPU
	EndGlobalSection
	GlobalSection(SolutionProperties) = preSolution
		HideSolutionNode = FALSE
	EndGlobalSection
	GlobalSection(ExtensibilityGlobals) = postSolution
		SolutionGuid = {9C52CA74-B6A5-4311-A265-1332F66BE190}
	EndGlobalSection
EndGlobal
